{
  "version": 4,
  "terraform_version": "1.5.4",
  "serial": 1,
  "lineage": "63367721-32ab-5c49-74b3-29213238e3ae",
  "outputs": {},
  "resources": [
    {
      "mode": "managed",
      "type": "proxmox_lxc",
      "name": "basic",
      "provider": "provider[\"registry.terraform.io/telmate/proxmox\"]",
      "instances": [
        {
          "schema_version": 0,
          "attributes": {
            "arch": "amd64",
            "bwlimit": 0,
            "cmode": "tty",
            "console": true,
            "cores": 0,
            "cpulimit": 0,
            "cpuunits": 1024,
            "description": "",
            "features": [],
            "force": false,
            "hastate": null,
            "hookscript": "",
            "hostname": "TerraHostSops",
            "id": "proxmox/lxc/115",
            "ignore_unpack_errors": false,
            "lock": "",
            "memory": 512,
            "mountpoint": [],
            "nameserver": "8.8.8.8",
            "network": [
              {
                "bridge": "vmbr0",
                "firewall": false,
                "gw": "192.168.211.1",
                "gw6": "",
                "hwaddr": "DA:F6:32:B4:99:7B",
                "ip": "192.168.211.150/24",
                "ip6": "",
                "mtu": "",
                "name": "eth0",
                "rate": 0,
                "tag": 0,
                "trunks": "",
                "type": "veth"
              }
            ],
            "onboot": false,
            "ostemplate": "local:vztmpl/ubuntu-22.04-standard_22.04-1_amd64.tar.zst",
            "ostype": "ubuntu",
            "password": null,
            "pool": "",
            "protection": false,
            "restore": false,
            "rootfs": [
              {
                "size": "8G",
                "storage": "local-lvm",
                "volume": "local-lvm:vm-115-disk-0"
              }
            ],
            "searchdomain": "",
            "ssh_public_keys": "ssh-rsa AAAAB3NzaC1yc2EAAAADAQABAAABgQDN/L/Cc5nSaZPmQv78EGXnHese0jHr35ac2wH7iyKtEOvLPytCT/q+QhklK5G0ftr6tbQi1VfDZgCuXyThW+e+n1WJTPfr5bkN5fLcRtV24/seTFiWScz9oBRMR5OMDZ/j3zGO0vU1vHJlf5XeKE4UJs9Ho7ZZXwYTa+QXrLGh3Wj7ldNSxVVC5e7AlG+E/Vz4+8cAFExDSIP19c8ZZonSDFdLEC2Zqbh8r9jJg3qYWbkBakZt6qQ9Ej3g1dwLhmRNWqt12u1sl1//t0Ba9ATfbBZGv1r56Ml7tw61+pdwKrl+GWy27ptQ4DXzQ8t7sVMkGzpM7yaHUCqhvdkFChf6eB/orP/BTxXiInJeTA6VcCNqUcPLM/7Ow69UcVhDAc3oo7/4KadIb4wzaIBWdaE9Ok0dxGpmgtcw67SPC/tGljtx3zrxpmA9zPATHuXPpx0SNTaONTBxBYW03uZjpxtbhRkbWPJFXRW72o26H7HE8B8R8UGqCL6EbzR7YveUO00= guillez@guilleznt",
            "start": true,
            "startup": "",
            "swap": 512,
            "tags": "",
            "target_node": "proxmox",
            "template": false,
            "tty": 2,
            "unique": false,
            "unprivileged": true,
            "unused": null,
            "vmid": 0
          },
          "sensitive_attributes": [],
          "private": "bnVsbA=="
        }
      ]
    }
  ],
  "check_results": null
}
